
Microsoft Visual Studio Solution File, Format Version 12.00
# Visual Studio Version 16
VisualStudioVersion = 16.0.30225.117
MinimumVisualStudioVersion = 10.0.40219.1
Project("{FAE04EC0-301F-11D3-BF4B-00C04F79EFBC}") = "CallListener", "UDP-FORMS\CallListener.csproj", "{54DBEB18-4DCF-411F-A05E-79AD19027DAB}"
EndProject
Global
	GlobalSection(SolutionConfigurationPlatforms) = preSolution
		Debug|Any CPU = Debug|Any CPU
		Release|Any CPU = Release|Any CPU
	EndGlobalSection
	GlobalSection(ProjectConfigurationPlatforms) = postSolution
		{54DBEB18-4DCF-411F-A05E-79AD19027DAB}.Debug|Any CPU.ActiveCfg = Debug|Any CPU
		{54DBEB18-4DCF-411F-A05E-79AD19027DAB}.Debug|Any CPU.Build.0 = Debug|Any CPU
		{54DBEB18-4DCF-411F-A05E-79AD19027DAB}.Release|Any CPU.ActiveCfg = Release|Any CPU
		{54DBEB18-4DCF-411F-A05E-79AD19027DAB}.Release|Any CPU.Build.0 = Release|Any CPU
	EndGlobalSection
	GlobalSection(SolutionProperties) = preSolution
		HideSolutionNode = FALSE
	EndGlobalSection
	GlobalSection(ExtensibilityGlobals) = postSolution
		SolutionGuid = {11251DBD-4EF5-45AA-83BB-C095661AD719}
	EndGlobalSection
EndGlobal
